// !$*UTF8*$!
{
	archiveVersion = 1;
	classes = {
	};
	objectVersion = 50;
	objects = {

/* Begin PBXBuildFile section */
		FDE946F6246E531500452529 /* AppDelegate.swift in Sources */ = {isa = PBXBuildFile; fileRef = FDE946F5246E531500452529 /* AppDelegate.swift */; };
		FDE946F8246E531500452529 /* SceneDelegate.swift in Sources */ = {isa = PBXBuildFile; fileRef = FDE946F7246E531500452529 /* SceneDelegate.swift */; };
		FDE946FA246E531500452529 /* ViewController.swift in Sources */ = {isa = PBXBuildFile; fileRef = FDE946F9246E531500452529 /* ViewController.swift */; };
		FDE946FD246E531500452529 /* Main.storyboard in Resources */ = {isa = PBXBuildFile; fileRef = FDE946FB246E531500452529 /* Main.storyboard */; };
		FDE946FF246E531800452529 /* Assets.xcassets in Resources */ = {isa = PBXBuildFile; fileRef = FDE946FE246E531800452529 /* Assets.xcassets */; };
		FDE94702246E531800452529 /* LaunchScreen.storyboard in Resources */ = {isa = PBXBuildFile; fileRef = FDE94700246E531800452529 /* LaunchScreen.storyboard */; };
		FDE9470D246E531800452529 /* BarabaraGameTests.swift in Sources */ = {isa = PBXBuildFile; fileRef = FDE9470C246E531800452529 /* BarabaraGameTests.swift */; };
		FDE94718246E531800452529 /* BarabaraGameUITests.swift in Sources */ = {isa = PBXBuildFile; fileRef = FDE94717246E531800452529 /* BarabaraGameUITests.swift */; };
/* End PBXBuildFile section */

/* Begin PBXContainerItemProxy section */
		FDE94709246E531800452529 /* PBXContainerItemProxy */ = {
			isa = PBXContainerItemProxy;
			containerPortal = FDE946EA246E531500452529 /* Project object */;
			proxyType = 1;
			remoteGlobalIDString = FDE946F1246E531500452529;
			remoteInfo = BarabaraGame;
		};
		FDE94714246E531800452529 /* PBXContainerItemProxy */ = {
			isa = PBXContainerItemProxy;
			containerPortal = FDE946EA246E531500452529 /* Project object */;
			proxyType = 1;
			remoteGlobalIDString = FDE946F1246E531500452529;
			remoteInfo = BarabaraGame;
		};
/* End PBXContainerItemProxy section */

/* Begin PBXFileReference section */
		FDE946F2246E531500452529 /* BarabaraGame.app */ = {isa = PBXFileReference; explicitFileType = wrapper.application; includeInIndex = 0; path = BarabaraGame.app; sourceTree = BUILT_PRODUCTS_DIR; };
		FDE946F5246E531500452529 /* AppDelegate.swift */ = {isa = PBXFileReference; lastKnownFileType = sourcecode.swift; path = AppDelegate.swift; sourceTree = "<group>"; };
		FDE946F7246E531500452529 /* SceneDelegate.swift */ = {isa = PBXFileReference; lastKnownFileType = sourcecode.swift; path = SceneDelegate.swift; sourceTree = "<group>"; };
		FDE946F9246E531500452529 /* ViewController.swift */ = {isa = PBXFileReference; lastKnownFileType = sourcecode.swift; path = ViewController.swift; sourceTree = "<group>"; };
		FDE946FC246E531500452529 /* Base */ = {isa = PBXFileReference; lastKnownFileType = file.storyboard; name = Base; path = Base.lproj/Main.storyboard; sourceTree = "<group>"; };
		FDE946FE246E531800452529 /* Assets.xcassets */ = {isa = PBXFileReference; lastKnownFileType = folder.assetcatalog; path = Assets.xcassets; sourceTree = "<group>"; };
		FDE94701246E531800452529 /* Base */ = {isa = PBXFileReference; lastKnownFileType = file.storyboard; name = Base; path = Base.lproj/LaunchScreen.storyboard; sourceTree = "<group>"; };
		FDE94703246E531800452529 /* Info.plist */ = {isa = PBXFileReference; lastKnownFileType = text.plist.xml; path = Info.plist; sourceTree = "<group>"; };
		FDE94708246E531800452529 /* BarabaraGameTests.xctest */ = {isa = PBXFileReference; explicitFileType = wrapper.cfbundle; includeInIndex = 0; path = BarabaraGameTests.xctest; sourceTree = BUILT_PRODUCTS_DIR; };
		FDE9470C246E531800452529 /* BarabaraGameTests.swift */ = {isa = PBXFileReference; lastKnownFileType = sourcecode.swift; path = BarabaraGameTests.swift; sourceTree = "<group>"; };
		FDE9470E246E531800452529 /* Info.plist */ = {isa = PBXFileReference; lastKnownFileType = text.plist.xml; path = Info.plist; sourceTree = "<group>"; };
		FDE94713246E531800452529 /* BarabaraGameUITests.xctest */ = {isa = PBXFileReference; explicitFileType = wrapper.cfbundle; includeInIndex = 0; path = BarabaraGameUITests.xctest; sourceTree = BUILT_PRODUCTS_DIR; };
		FDE94717246E531800452529 /* BarabaraGameUITests.swift */ = {isa = PBXFileReference; lastKnownFileType = sourcecode.swift; path = BarabaraGameUITests.swift; sourceTree = "<group>"; };
		FDE94719246E531800452529 /* Info.plist */ = {isa = PBXFileReference; lastKnownFileType = text.plist.xml; path = Info.plist; sourceTree = "<group>"; };
/* End PBXFileReference section */

/* Begin PBXFrameworksBuildPhase section */
		FDE946EF246E531500452529 /* Frameworks */ = {
			isa = PBXFrameworksBuildPhase;
			buildActionMask = 2147483647;
			files = (
			);
			runOnlyForDeploymentPostprocessing = 0;
		};
		FDE94705246E531800452529 /* Frameworks */ = {
			isa = PBXFrameworksBuildPhase;
			buildActionMask = 2147483647;
			files = (
			);
			runOnlyForDeploymentPostprocessing = 0;
		};
		FDE94710246E531800452529 /* Frameworks */ = {
			isa = PBXFrameworksBuildPhase;
			buildActionMask = 2147483647;
			files = (
			);
			runOnlyForDeploymentPostprocessing = 0;
		};
/* End PBXFrameworksBuildPhase section */

/* Begin PBXGroup section */
		FDE946E9246E531500452529 = {
			isa = PBXGroup;
			children = (
				FDE946F4246E531500452529 /* BarabaraGame */,
				FDE9470B246E531800452529 /* BarabaraGameTests */,
				FDE94716246E531800452529 /* BarabaraGameUITests */,
				FDE946F3246E531500452529 /* Products */,
			);
			sourceTree = "<group>";
		};
		FDE946F3246E531500452529 /* Products */ = {
			isa = PBXGroup;
			children = (
				FDE946F2246E531500452529 /* BarabaraGame.app */,
				FDE94708246E531800452529 /* BarabaraGameTests.xctest */,
				FDE94713246E531800452529 /* BarabaraGameUITests.xctest */,
			);
			name = Products;
			sourceTree = "<group>";
		};
		FDE946F4246E531500452529 /* BarabaraGame */ = {
			isa = PBXGroup;
			children = (
				FDE946F5246E531500452529 /* AppDelegate.swift */,
				FDE946F7246E531500452529 /* SceneDelegate.swift */,
				FDE946F9246E531500452529 /* ViewController.swift */,
				FDE946FB246E531500452529 /* Main.storyboard */,
				FDE946FE246E531800452529 /* Assets.xcassets */,
				FDE94700246E531800452529 /* LaunchScreen.storyboard */,
				FDE94703246E531800452529 /* Info.plist */,
			);
			path = BarabaraGame;
			sourceTree = "<group>";
		};
		FDE9470B246E531800452529 /* BarabaraGameTests */ = {
			isa = PBXGroup;
			children = (
				FDE9470C246E531800452529 /* BarabaraGameTests.swift */,
				FDE9470E246E531800452529 /* Info.plist */,
			);
			path = BarabaraGameTests;
			sourceTree = "<group>";
		};
		FDE94716246E531800452529 /* BarabaraGameUITests */ = {
			isa = PBXGroup;
			children = (
				FDE94717246E531800452529 /* BarabaraGameUITests.swift */,
				FDE94719246E531800452529 /* Info.plist */,
			);
			path = BarabaraGameUITests;
			sourceTree = "<group>";
		};
/* End PBXGroup section */

/* Begin PBXNativeTarget section */
		FDE946F1246E531500452529 /* BarabaraGame */ = {
			isa = PBXNativeTarget;
			buildConfigurationList = FDE9471C246E531800452529 /* Build configuration list for PBXNativeTarget "BarabaraGame" */;
			buildPhases = (
				FDE946EE246E531500452529 /* Sources */,
				FDE946EF246E531500452529 /* Frameworks */,
				FDE946F0246E531500452529 /* Resources */,
			);
			buildRules = (
			);
			dependencies = (
			);
			name = BarabaraGame;
			productName = BarabaraGame;
			productReference = FDE946F2246E531500452529 /* BarabaraGame.app */;
			productType = "com.apple.product-type.application";
		};
		FDE94707246E531800452529 /* BarabaraGameTests */ = {
			isa = PBXNativeTarget;
			buildConfigurationList = FDE9471F246E531800452529 /* Build configuration list for PBXNativeTarget "BarabaraGameTests" */;
			buildPhases = (
				FDE94704246E531800452529 /* Sources */,
				FDE94705246E531800452529 /* Frameworks */,
				FDE94706246E531800452529 /* Resources */,
			);
			buildRules = (
			);
			dependencies = (
				FDE9470A246E531800452529 /* PBXTargetDependency */,
			);
			name = BarabaraGameTests;
			productName = BarabaraGameTests;
			productReference = FDE94708246E531800452529 /* BarabaraGameTests.xctest */;
			productType = "com.apple.product-type.bundle.unit-test";
		};
		FDE94712246E531800452529 /* BarabaraGameUITests */ = {
			isa = PBXNativeTarget;
			buildConfigurationList = FDE94722246E531800452529 /* Build configuration list for PBXNativeTarget "BarabaraGameUITests" */;
			buildPhases = (
				FDE9470F246E531800452529 /* Sources */,
				FDE94710246E531800452529 /* Frameworks */,
				FDE94711246E531800452529 /* Resources */,
			);
			buildRules = (
			);
			dependencies = (
				FDE94715246E531800452529 /* PBXTargetDependency */,
			);
			name = BarabaraGameUITests;
			productName = BarabaraGameUITests;
			productReference = FDE94713246E531800452529 /* BarabaraGameUITests.xctest */;
			productType = "com.apple.product-type.bundle.ui-testing";
		};
/* End PBXNativeTarget section */

/* Begin PBXProject section */
		FDE946EA246E531500452529 /* Project object */ = {
			isa = PBXProject;
			attributes = {
				LastSwiftUpdateCheck = 1140;
				LastUpgradeCheck = 1140;
				ORGANIZATIONNAME = "清水拓郎";
				TargetAttributes = {
					FDE946F1246E531500452529 = {
						CreatedOnToolsVersion = 11.4.1;
					};
					FDE94707246E531800452529 = {
						CreatedOnToolsVersion = 11.4.1;
						TestTargetID = FDE946F1246E531500452529;
					};
					FDE94712246E531800452529 = {
						CreatedOnToolsVersion = 11.4.1;
						TestTargetID = FDE946F1246E531500452529;
					};
				};
			};
			buildConfigurationList = FDE946ED246E531500452529 /* Build configuration list for PBXProject "BarabaraGame" */;
			compatibilityVersion = "Xcode 9.3";
			developmentRegion = en;
			hasScannedForEncodings = 0;
			knownRegions = (
				en,
				Base,
			);
			mainGroup = FDE946E9246E531500452529;
			productRefGroup = FDE946F3246E531500452529 /* Products */;
			projectDirPath = "";
			projectRoot = "";
			targets = (
				FDE946F1246E531500452529 /* BarabaraGame */,
				FDE94707246E531800452529 /* BarabaraGameTests */,
				FDE94712246E531800452529 /* BarabaraGameUITests */,
			);
		};
/* End PBXProject section */

/* Begin PBXResourcesBuildPhase section */
		FDE946F0246E531500452529 /* Resources */ = {
			isa = PBXResourcesBuildPhase;
			buildActionMask = 2147483647;
			files = (
				FDE94702246E531800452529 /* LaunchScreen.storyboard in Resources */,
				FDE946FF246E531800452529 /* Assets.xcassets in Resources */,
				FDE946FD246E531500452529 /* Main.storyboard in Resources */,
			);
			runOnlyForDeploymentPostprocessing = 0;
		};
		FDE94706246E531800452529 /* Resources */ = {
			isa = PBXResourcesBuildPhase;
			buildActionMask = 2147483647;
			files = (
			);
			runOnlyForDeploymentPostprocessing = 0;
		};
		FDE94711246E531800452529 /* Resources */ = {
			isa = PBXResourcesBuildPhase;
			buildActionMask = 2147483647;
			files = (
			);
			runOnlyForDeploymentPostprocessing = 0;
		};
/* End PBXResourcesBuildPhase section */

/* Begin PBXSourcesBuildPhase section */
		FDE946EE246E531500452529 /* Sources */ = {
			isa = PBXSourcesBuildPhase;
			buildActionMask = 2147483647;
			files = (
				FDE946FA246E531500452529 /* ViewController.swift in Sources */,
				FDE946F6246E531500452529 /* AppDelegate.swift in Sources */,
				FDE946F8246E531500452529 /* SceneDelegate.swift in Sources */,
			);
			runOnlyForDeploymentPostprocessing = 0;
		};
		FDE94704246E531800452529 /* Sources */ = {
			isa = PBXSourcesBuildPhase;
			buildActionMask = 2147483647;
			files = (
				FDE9470D246E531800452529 /* BarabaraGameTests.swift in Sources */,
			);
			runOnlyForDeploymentPostprocessing = 0;
		};
		FDE9470F246E531800452529 /* Sources */ = {
			isa = PBXSourcesBuildPhase;
			buildActionMask = 2147483647;
			files = (
				FDE94718246E531800452529 /* BarabaraGameUITests.swift in Sources */,
			);
			runOnlyForDeploymentPostprocessing = 0;
		};
/* End PBXSourcesBuildPhase section */

/* Begin PBXTargetDependency section */
		FDE9470A246E531800452529 /* PBXTargetDependency */ = {
			isa = PBXTargetDependency;
			target = FDE946F1246E531500452529 /* BarabaraGame */;
			targetProxy = FDE94709246E531800452529 /* PBXContainerItemProxy */;
		};
		FDE94715246E531800452529 /* PBXTargetDependency */ = {
			isa = PBXTargetDependency;
			target = FDE946F1246E531500452529 /* BarabaraGame */;
			targetProxy = FDE94714246E531800452529 /* PBXContainerItemProxy */;
		};
/* End PBXTargetDependency section */

/* Begin PBXVariantGroup section */
		FDE946FB246E531500452529 /* Main.storyboard */ = {
			isa = PBXVariantGroup;
			children = (
				FDE946FC246E531500452529 /* Base */,
			);
			name = Main.storyboard;
			sourceTree = "<group>";
		};
		FDE94700246E531800452529 /* LaunchScreen.storyboard */ = {
			isa = PBXVariantGroup;
			children = (
				FDE94701246E531800452529 /* Base */,
			);
			name = LaunchScreen.storyboard;
			sourceTree = "<group>";
		};
/* End PBXVariantGroup section */

/* Begin XCBuildConfiguration section */
		FDE9471A246E531800452529 /* Debug */ = {
			isa = XCBuildConfiguration;
			buildSettings = {
				ALWAYS_SEARCH_USER_PATHS = NO;
				CLANG_ANALYZER_NONNULL = YES;
				CLANG_ANALYZER_NUMBER_OBJECT_CONVERSION = YES_AGGRESSIVE;
				CLANG_CXX_LANGUAGE_STANDARD = "gnu++14";
				CLANG_CXX_LIBRARY = "libc++";
				CLANG_ENABLE_MODULES = YES;
				CLANG_ENABLE_OBJC_ARC = YES;
				CLANG_ENABLE_OBJC_WEAK = YES;
				CLANG_WARN_BLOCK_CAPTURE_AUTORELEASING = YES;
				CLANG_WARN_BOOL_CONVERSION = YES;
				CLANG_WARN_COMMA = YES;
				CLANG_WARN_CONSTANT_CONVERSION = YES;
				CLANG_WARN_DEPRECATED_OBJC_IMPLEMENTATIONS = YES;
				CLANG_WARN_DIRECT_OBJC_ISA_USAGE = YES_ERROR;
				CLANG_WARN_DOCUMENTATION_COMMENTS = YES;
				CLANG_WARN_EMPTY_BODY = YES;
				CLANG_WARN_ENUM_CONVERSION = YES;
				CLANG_WARN_INFINITE_RECURSION = YES;
				CLANG_WARN_INT_CONVERSION = YES;
				CLANG_WARN_NON_LITERAL_NULL_CONVERSION = YES;
				CLANG_WARN_OBJC_IMPLICIT_RETAIN_SELF = YES;
				CLANG_WARN_OBJC_LITERAL_CONVERSION = YES;
				CLANG_WARN_OBJC_ROOT_CLASS = YES_ERROR;
				CLANG_WARN_RANGE_LOOP_ANALYSIS = YES;
				CLANG_WARN_STRICT_PROTOTYPES = YES;
				CLANG_WARN_SUSPICIOUS_MOVE = YES;
				CLANG_WARN_UNGUARDED_AVAILABILITY = YES_AGGRESSIVE;
				CLANG_WARN_UNREACHABLE_CODE = YES;
				CLANG_WARN__DUPLICATE_METHOD_MATCH = YES;
				COPY_PHASE_STRIP = NO;
				DEBUG_INFORMATION_FORMAT = dwarf;
				ENABLE_STRICT_OBJC_MSGSEND = YES;
				ENABLE_TESTABILITY = YES;
				GCC_C_LANGUAGE_STANDARD = gnu11;
				GCC_DYNAMIC_NO_PIC = NO;
				GCC_NO_COMMON_BLOCKS = YES;
				GCC_OPTIMIZATION_LEVEL = 0;
				GCC_PREPROCESSOR_DEFINITIONS = (
					"DEBUG=1",
					"$(inherited)",
				);
				GCC_WARN_64_TO_32_BIT_CONVERSION = YES;
				GCC_WARN_ABOUT_RETURN_TYPE = YES_ERROR;
				GCC_WARN_UNDECLARED_SELECTOR = YES;
				GCC_WARN_UNINITIALIZED_AUTOS = YES_AGGRESSIVE;
				GCC_WARN_UNUSED_FUNCTION = YES;
				GCC_WARN_UNUSED_VARIABLE = YES;
				IPHONEOS_DEPLOYMENT_TARGET = 13.4;
				MTL_ENABLE_DEBUG_INFO = INCLUDE_SOURCE;
				MTL_FAST_MATH = YES;
				ONLY_ACTIVE_ARCH = YES;
				SDKROOT = iphoneos;
				SWIFT_ACTIVE_COMPILATION_CONDITIONS = DEBUG;
				SWIFT_OPTIMIZATION_LEVEL = "-Onone";
			};
			name = Debug;
		};
		FDE9471B246E531800452529 /* Release */ = {
			isa = XCBuildConfiguration;
			buildSettings = {
				ALWAYS_SEARCH_USER_PATHS = NO;
				CLANG_ANALYZER_NONNULL = YES;
				CLANG_ANALYZER_NUMBER_OBJECT_CONVERSION = YES_AGGRESSIVE;
				CLANG_CXX_LANGUAGE_STANDARD = "gnu++14";
				CLANG_CXX_LIBRARY = "libc++";
				CLANG_ENABLE_MODULES = YES;
				CLANG_ENABLE_OBJC_ARC = YES;
				CLANG_ENABLE_OBJC_WEAK = YES;
				CLANG_WARN_BLOCK_CAPTURE_AUTORELEASING = YES;
				CLANG_WARN_BOOL_CONVERSION = YES;
				CLANG_WARN_COMMA = YES;
				CLANG_WARN_CONSTANT_CONVERSION = YES;
				CLANG_WARN_DEPRECATED_OBJC_IMPLEMENTATIONS = YES;
				CLANG_WARN_DIRECT_OBJC_ISA_USAGE = YES_ERROR;
				CLANG_WARN_DOCUMENTATION_COMMENTS = YES;
				CLANG_WARN_EMPTY_BODY = YES;
				CLANG_WARN_ENUM_CONVERSION = YES;
				CLANG_WARN_INFINITE_RECURSION = YES;
				CLANG_WARN_INT_CONVERSION = YES;
				CLANG_WARN_NON_LITERAL_NULL_CONVERSION = YES;
				CLANG_WARN_OBJC_IMPLICIT_RETAIN_SELF = YES;
				CLANG_WARN_OBJC_LITERAL_CONVERSION = YES;
				CLANG_WARN_OBJC_ROOT_CLASS = YES_ERROR;
				CLANG_WARN_RANGE_LOOP_ANALYSIS = YES;
				CLANG_WARN_STRICT_PROTOTYPES = YES;
				CLANG_WARN_SUSPICIOUS_MOVE = YES;
				CLANG_WARN_UNGUARDED_AVAILABILITY = YES_AGGRESSIVE;
				CLANG_WARN_UNREACHABLE_CODE = YES;
				CLANG_WARN__DUPLICATE_METHOD_MATCH = YES;
				COPY_PHASE_STRIP = NO;
				DEBUG_INFORMATION_FORMAT = "dwarf-with-dsym";
				ENABLE_NS_ASSERTIONS = NO;
				ENABLE_STRICT_OBJC_MSGSEND = YES;
				GCC_C_LANGUAGE_STANDARD = gnu11;
				GCC_NO_COMMON_BLOCKS = YES;
				GCC_WARN_64_TO_32_BIT_CONVERSION = YES;
				GCC_WARN_ABOUT_RETURN_TYPE = YES_ERROR;
				GCC_WARN_UNDECLARED_SELECTOR = YES;
				GCC_WARN_UNINITIALIZED_AUTOS = YES_AGGRESSIVE;
				GCC_WARN_UNUSED_FUNCTION = YES;
				GCC_WARN_UNUSED_VARIABLE = YES;
				IPHONEOS_DEPLOYMENT_TARGET = 13.4;
				MTL_ENABLE_DEBUG_INFO = NO;
				MTL_FAST_MATH = YES;
				SDKROOT = iphoneos;
				SWIFT_COMPILATION_MODE = wholemodule;
				SWIFT_OPTIMIZATION_LEVEL = "-O";
				VALIDATE_PRODUCT = YES;
			};
			name = Release;
		};
		FDE9471D246E531800452529 /* Debug */ = {
			isa = XCBuildConfiguration;
			buildSettings = {
				ASSETCATALOG_COMPILER_APPICON_NAME = AppIcon;
				CODE_SIGN_STYLE = Automatic;
				INFOPLIST_FILE = BarabaraGame/Info.plist;
				LD_RUNPATH_SEARCH_PATHS = (
					"$(inherited)",
					"@executable_path/Frameworks",
				);
				PRODUCT_BUNDLE_IDENTIFIER = app.shimizu.taku.BarabaraGame;
				PRODUCT_NAME = "$(TARGET_NAME)";
				SWIFT_VERSION = 5.0;
				TARGETED_DEVICE_FAMILY = "1,2";
			};
			name = Debug;
		};
		FDE9471E246E531800452529 /* Release */ = {
			isa = XCBuildConfiguration;
			buildSettings = {
				ASSETCATALOG_COMPILER_APPICON_NAME = AppIcon;
				CODE_SIGN_STYLE = Automatic;
				INFOPLIST_FILE = BarabaraGame/Info.plist;
				LD_RUNPATH_SEARCH_PATHS = (
					"$(inherited)",
					"@executable_path/Frameworks",
				);
				PRODUCT_BUNDLE_IDENTIFIER = app.shimizu.taku.BarabaraGame;
				PRODUCT_NAME = "$(TARGET_NAME)";
				SWIFT_VERSION = 5.0;
				TARGETED_DEVICE_FAMILY = "1,2";
			};
			name = Release;
		};
		FDE94720246E531800452529 /* Debug */ = {
			isa = XCBuildConfiguration;
			buildSettings = {
				ALWAYS_EMBED_SWIFT_STANDARD_LIBRARIES = YES;
				BUNDLE_LOADER = "$(TEST_HOST)";
				CODE_SIGN_STYLE = Automatic;
				INFOPLIST_FILE = BarabaraGameTests/Info.plist;
				IPHONEOS_DEPLOYMENT_TARGET = 13.4;
				LD_RUNPATH_SEARCH_PATHS = (
					"$(inherited)",
					"@executable_path/Frameworks",
					"@loader_path/Frameworks",
				);
				PRODUCT_BUNDLE_IDENTIFIER = app.shimizu.taku.BarabaraGameTests;
				PRODUCT_NAME = "$(TARGET_NAME)";
				SWIFT_VERSION = 5.0;
				TARGETED_DEVICE_FAMILY = "1,2";
				TEST_HOST = "$(BUILT_PRODUCTS_DIR)/BarabaraGame.app/BarabaraGame";
			};
			name = Debug;
		};
		FDE94721246E531800452529 /* Release */ = {
			isa = XCBuildConfiguration;
			buildSettings = {
				ALWAYS_EMBED_SWIFT_STANDARD_LIBRARIES = YES;
				BUNDLE_LOADER = "$(TEST_HOST)";
				CODE_SIGN_STYLE = Automatic;
				INFOPLIST_FILE = BarabaraGameTests/Info.plist;
				IPHONEOS_DEPLOYMENT_TARGET = 13.4;
				LD_RUNPATH_SEARCH_PATHS = (
					"$(inherited)",
					"@executable_path/Frameworks",
					"@loader_path/Frameworks",
				);
				PRODUCT_BUNDLE_IDENTIFIER = app.shimizu.taku.BarabaraGameTests;
				PRODUCT_NAME = "$(TARGET_NAME)";
				SWIFT_VERSION = 5.0;
				TARGETED_DEVICE_FAMILY = "1,2";
				TEST_HOST = "$(BUILT_PRODUCTS_DIR)/BarabaraGame.app/BarabaraGame";
			};
			name = Release;
		};
		FDE94723246E531800452529 /* Debug */ = {
			isa = XCBuildConfiguration;
			buildSettings = {
				ALWAYS_EMBED_SWIFT_STANDARD_LIBRARIES = YES;
				CODE_SIGN_STYLE = Automatic;
				INFOPLIST_FILE = BarabaraGameUITests/Info.plist;
				LD_RUNPATH_SEARCH_PATHS = (
					"$(inherited)",
					"@executable_path/Frameworks",
					"@loader_path/Frameworks",
				);
				PRODUCT_BUNDLE_IDENTIFIER = app.shimizu.taku.BarabaraGameUITests;
				PRODUCT_NAME = "$(TARGET_NAME)";
				SWIFT_VERSION = 5.0;
				TARGETED_DEVICE_FAMILY = "1,2";
				TEST_TARGET_NAME = BarabaraGame;
			};
			name = Debug;
		};
		FDE94724246E531800452529 /* Release */ = {
			isa = XCBuildConfiguration;
			buildSettings = {
				ALWAYS_EMBED_SWIFT_STANDARD_LIBRARIES = YES;
				CODE_SIGN_STYLE = Automatic;
				INFOPLIST_FILE = BarabaraGameUITests/Info.plist;
				LD_RUNPATH_SEARCH_PATHS = (
					"$(inherited)",
					"@executable_path/Frameworks",
					"@loader_path/Frameworks",
				);
				PRODUCT_BUNDLE_IDENTIFIER = app.shimizu.taku.BarabaraGameUITests;
				PRODUCT_NAME = "$(TARGET_NAME)";
				SWIFT_VERSION = 5.0;
				TARGETED_DEVICE_FAMILY = "1,2";
				TEST_TARGET_NAME = BarabaraGame;
			};
			name = Release;
		};
/* End XCBuildConfiguration section */

/* Begin XCConfigurationList section */
		FDE946ED246E531500452529 /* Build configuration list for PBXProject "BarabaraGame" */ = {
			isa = XCConfigurationList;
			buildConfigurations = (
				FDE9471A246E531800452529 /* Debug */,
				FDE9471B246E531800452529 /* Release */,
			);
			defaultConfigurationIsVisible = 0;
			defaultConfigurationName = Release;
		};
		FDE9471C246E531800452529 /* Build configuration list for PBXNativeTarget "BarabaraGame" */ = {
			isa = XCConfigurationList;
			buildConfigurations = (
				FDE9471D246E531800452529 /* Debug */,
				FDE9471E246E531800452529 /* Release */,
			);
			defaultConfigurationIsVisible = 0;
			defaultConfigurationName = Release;
		};
		FDE9471F246E531800452529 /* Build configuration list for PBXNativeTarget "BarabaraGameTests" */ = {
			isa = XCConfigurationList;
			buildConfigurations = (
				FDE94720246E531800452529 /* Debug */,
				FDE94721246E531800452529 /* Release */,
			);
			defaultConfigurationIsVisible = 0;
			defaultConfigurationName = Release;
		};
		FDE94722246E531800452529 /* Build configuration list for PBXNativeTarget "BarabaraGameUITests" */ = {
			isa = XCConfigurationList;
			buildConfigurations = (
				FDE94723246E531800452529 /* Debug */,
				FDE94724246E531800452529 /* Release */,
			);
			defaultConfigurationIsVisible = 0;
			defaultConfigurationName = Release;
		};
/* End XCConfigurationList section */
	};
	rootObject = FDE946EA246E531500452529 /* Project object */;
}
